
Microsoft Visual Studio Solution File, Format Version 12.00
# Visual Studio Version 16
VisualStudioVersion = 16.0.31410.357
MinimumVisualStudioVersion = 10.0.40219.1
Project("{FAE04EC0-301F-11D3-BF4B-00C04F79EFBC}") = "CostManagementDBFiller", "CostManagementDBFiller\CostManagementDBFiller.csproj", "{82AA606A-52F1-41CA-9EE1-EDF8F5421E23}"
EndProject
Global
	GlobalSection(SolutionConfigurationPlatforms) = preSolution
		Debug|Any CPU = Debug|Any CPU
		Release|Any CPU = Release|Any CPU
	EndGlobalSection
	GlobalSection(ProjectConfigurationPlatforms) = postSolution
		{82AA606A-52F1-41CA-9EE1-EDF8F5421E23}.Debug|Any CPU.ActiveCfg = Debug|Any CPU
		{82AA606A-52F1-41CA-9EE1-EDF8F5421E23}.Debug|Any CPU.Build.0 = Debug|Any CPU
		{82AA606A-52F1-41CA-9EE1-EDF8F5421E23}.Release|Any CPU.ActiveCfg = Release|Any CPU
		{82AA606A-52F1-41CA-9EE1-EDF8F5421E23}.Release|Any CPU.Build.0 = Release|Any CPU
	EndGlobalSection
	GlobalSection(SolutionProperties) = preSolution
		HideSolutionNode = FALSE
	EndGlobalSection
	GlobalSection(ExtensibilityGlobals) = postSolution
		SolutionGuid = {3C7A832D-A5D1-4089-90F2-8BF3385E4EE8}
	EndGlobalSection
EndGlobal
